// !$*UTF8*$!
{
	archiveVersion = 1;
	classes = {
	};
	objectVersion = 51;
	objects = {

/* Begin PBXBuildFile section */
		40B4ADF92A4831C03E061C7E /* Pods_Todoey.framework in Frameworks */ = {isa = PBXBuildFile; fileRef = B194AC63B5B025EC3444C062 /* Pods_Todoey.framework */; };
		BE6CB72722FE2AF800EF3BB3 /* Item.swift in Sources */ = {isa = PBXBuildFile; fileRef = BE6CB72622FE2AF800EF3BB3 /* Item.swift */; };
		BE6CB72922FE2B0C00EF3BB3 /* Category.swift in Sources */ = {isa = PBXBuildFile; fileRef = BE6CB72822FE2B0C00EF3BB3 /* Category.swift */; };
		BEA4DBAE22E93E8800D82948 /* AppDelegate.swift in Sources */ = {isa = PBXBuildFile; fileRef = BEA4DBAD22E93E8800D82948 /* AppDelegate.swift */; };
		BEA4DBB022E93E8800D82948 /* TodoListViewController.swift in Sources */ = {isa = PBXBuildFile; fileRef = BEA4DBAF22E93E8800D82948 /* TodoListViewController.swift */; };
		BEA4DBB322E93E8800D82948 /* Main.storyboard in Resources */ = {isa = PBXBuildFile; fileRef = BEA4DBB122E93E8800D82948 /* Main.storyboard */; };
		BEA4DBB522E93E8900D82948 /* Assets.xcassets in Resources */ = {isa = PBXBuildFile; fileRef = BEA4DBB422E93E8900D82948 /* Assets.xcassets */; };
		BEA4DBB822E93E8900D82948 /* LaunchScreen.storyboard in Resources */ = {isa = PBXBuildFile; fileRef = BEA4DBB622E93E8900D82948 /* LaunchScreen.storyboard */; };
		BEA589A422FD0EA70013B8DF /* CategoryViewController.swift in Sources */ = {isa = PBXBuildFile; fileRef = BEA589A322FD0EA70013B8DF /* CategoryViewController.swift */; };
/* End PBXBuildFile section */

/* Begin PBXFileReference section */
		5C2FE64F39FA415FBB3B620D /* Pods-Todoey.debug.xcconfig */ = {isa = PBXFileReference; includeInIndex = 1; lastKnownFileType = text.xcconfig; name = "Pods-Todoey.debug.xcconfig"; path = "Target Support Files/Pods-Todoey/Pods-Todoey.debug.xcconfig"; sourceTree = "<group>"; };
		B194AC63B5B025EC3444C062 /* Pods_Todoey.framework */ = {isa = PBXFileReference; explicitFileType = wrapper.framework; includeInIndex = 0; path = Pods_Todoey.framework; sourceTree = BUILT_PRODUCTS_DIR; };
		BE6CB72622FE2AF800EF3BB3 /* Item.swift */ = {isa = PBXFileReference; lastKnownFileType = sourcecode.swift; path = Item.swift; sourceTree = "<group>"; };
		BE6CB72822FE2B0C00EF3BB3 /* Category.swift */ = {isa = PBXFileReference; lastKnownFileType = sourcecode.swift; path = Category.swift; sourceTree = "<group>"; };
		BEA4DBAA22E93E8800D82948 /* Todoey.app */ = {isa = PBXFileReference; explicitFileType = wrapper.application; includeInIndex = 0; path = Todoey.app; sourceTree = BUILT_PRODUCTS_DIR; };
		BEA4DBAD22E93E8800D82948 /* AppDelegate.swift */ = {isa = PBXFileReference; lastKnownFileType = sourcecode.swift; path = AppDelegate.swift; sourceTree = "<group>"; };
		BEA4DBAF22E93E8800D82948 /* TodoListViewController.swift */ = {isa = PBXFileReference; lastKnownFileType = sourcecode.swift; path = TodoListViewController.swift; sourceTree = "<group>"; };
		BEA4DBB222E93E8800D82948 /* Base */ = {isa = PBXFileReference; lastKnownFileType = file.storyboard; name = Base; path = Base.lproj/Main.storyboard; sourceTree = "<group>"; };
		BEA4DBB422E93E8900D82948 /* Assets.xcassets */ = {isa = PBXFileReference; lastKnownFileType = folder.assetcatalog; path = Assets.xcassets; sourceTree = "<group>"; };
		BEA4DBB722E93E8900D82948 /* Base */ = {isa = PBXFileReference; lastKnownFileType = file.storyboard; name = Base; path = Base.lproj/LaunchScreen.storyboard; sourceTree = "<group>"; };
		BEA4DBB922E93E8900D82948 /* Info.plist */ = {isa = PBXFileReference; lastKnownFileType = text.plist.xml; path = Info.plist; sourceTree = "<group>"; };
		BEA589A322FD0EA70013B8DF /* CategoryViewController.swift */ = {isa = PBXFileReference; lastKnownFileType = sourcecode.swift; path = CategoryViewController.swift; sourceTree = "<group>"; };
		F27E7FEA3E38280EB6A1EFE6 /* Pods-Todoey.release.xcconfig */ = {isa = PBXFileReference; includeInIndex = 1; lastKnownFileType = text.xcconfig; name = "Pods-Todoey.release.xcconfig"; path = "Target Support Files/Pods-Todoey/Pods-Todoey.release.xcconfig"; sourceTree = "<group>"; };
/* End PBXFileReference section */

/* Begin PBXFrameworksBuildPhase section */
		BEA4DBA722E93E8800D82948 /* Frameworks */ = {
			isa = PBXFrameworksBuildPhase;
			buildActionMask = 2147483647;
			files = (
				40B4ADF92A4831C03E061C7E /* Pods_Todoey.framework in Frameworks */,
			);
			runOnlyForDeploymentPostprocessing = 0;
		};
/* End PBXFrameworksBuildPhase section */

/* Begin PBXGroup section */
		BEA4DBA122E93E8800D82948 = {
			isa = PBXGroup;
			children = (
				BEA7A37E22EE5E06008147F2 /* Data Model */,
				BEA4DBAC22E93E8800D82948 /* Todoey */,
				BEA4DBAB22E93E8800D82948 /* Products */,
				D78380D9F94CDE2E0FAAA286 /* Pods */,
				C8DAAEB7FA798CF1D14B917D /* Frameworks */,
			);
			sourceTree = "<group>";
		};
		BEA4DBAB22E93E8800D82948 /* Products */ = {
			isa = PBXGroup;
			children = (
				BEA4DBAA22E93E8800D82948 /* Todoey.app */,
			);
			name = Products;
			sourceTree = "<group>";
		};
		BEA4DBAC22E93E8800D82948 /* Todoey */ = {
			isa = PBXGroup;
			children = (
				BEA4DBAD22E93E8800D82948 /* AppDelegate.swift */,
				BEA7A37F22EE5E33008147F2 /* Controllers */,
				BEA7A38022EE5E66008147F2 /* Views */,
				BEA7A38122EE5E7E008147F2 /* Supporting Files */,
				BEA4DBB922E93E8900D82948 /* Info.plist */,
			);
			path = Todoey;
			sourceTree = "<group>";
		};
		BEA7A37E22EE5E06008147F2 /* Data Model */ = {
			isa = PBXGroup;
			children = (
				BE6CB72822FE2B0C00EF3BB3 /* Category.swift */,
				BE6CB72622FE2AF800EF3BB3 /* Item.swift */,
			);
			path = "Data Model";
			sourceTree = "<group>";
		};
		BEA7A37F22EE5E33008147F2 /* Controllers */ = {
			isa = PBXGroup;
			children = (
				BEA589A322FD0EA70013B8DF /* CategoryViewController.swift */,
				BEA4DBAF22E93E8800D82948 /* TodoListViewController.swift */,
			);
			path = Controllers;
			sourceTree = "<group>";
		};
		BEA7A38022EE5E66008147F2 /* Views */ = {
			isa = PBXGroup;
			children = (
				BEA4DBB122E93E8800D82948 /* Main.storyboard */,
			);
			path = Views;
			sourceTree = "<group>";
		};
		BEA7A38122EE5E7E008147F2 /* Supporting Files */ = {
			isa = PBXGroup;
			children = (
				BEA4DBB422E93E8900D82948 /* Assets.xcassets */,
				BEA4DBB622E93E8900D82948 /* LaunchScreen.storyboard */,
			);
			path = "Supporting Files";
			sourceTree = "<group>";
		};
		C8DAAEB7FA798CF1D14B917D /* Frameworks */ = {
			isa = PBXGroup;
			children = (
				B194AC63B5B025EC3444C062 /* Pods_Todoey.framework */,
			);
			name = Frameworks;
			sourceTree = "<group>";
		};
		D78380D9F94CDE2E0FAAA286 /* Pods */ = {
			isa = PBXGroup;
			children = (
				5C2FE64F39FA415FBB3B620D /* Pods-Todoey.debug.xcconfig */,
				F27E7FEA3E38280EB6A1EFE6 /* Pods-Todoey.release.xcconfig */,
			);
			path = Pods;
			sourceTree = "<group>";
		};
/* End PBXGroup section */

/* Begin PBXNativeTarget section */
		BEA4DBA922E93E8800D82948 /* Todoey */ = {
			isa = PBXNativeTarget;
			buildConfigurationList = BEA4DBBC22E93E8900D82948 /* Build configuration list for PBXNativeTarget "Todoey" */;
			buildPhases = (
				EEB2CB0806DFFB7661D528BC /* [CP] Check Pods Manifest.lock */,
				BEA4DBA622E93E8800D82948 /* Sources */,
				BEA4DBA722E93E8800D82948 /* Frameworks */,
				BEA4DBA822E93E8800D82948 /* Resources */,
				CEA767E76C0B040DF458B72F /* [CP] Embed Pods Frameworks */,
			);
			buildRules = (
			);
			dependencies = (
			);
			name = Todoey;
			productName = Todoey;
			productReference = BEA4DBAA22E93E8800D82948 /* Todoey.app */;
			productType = "com.apple.product-type.application";
		};
/* End PBXNativeTarget section */

/* Begin PBXProject section */
		BEA4DBA222E93E8800D82948 /* Project object */ = {
			isa = PBXProject;
			attributes = {
				LastSwiftUpdateCheck = 1010;
				LastUpgradeCheck = 1010;
				ORGANIZATIONNAME = "Kenneth Linsenmayer";
				TargetAttributes = {
					BEA4DBA922E93E8800D82948 = {
						CreatedOnToolsVersion = 10.1;
						LastSwiftMigration = 1030;
					};
				};
			};
			buildConfigurationList = BEA4DBA522E93E8800D82948 /* Build configuration list for PBXProject "Todoey" */;
			compatibilityVersion = "Xcode 9.3";
			developmentRegion = en;
			hasScannedForEncodings = 0;
			knownRegions = (
				en,
				Base,
			);
			mainGroup = BEA4DBA122E93E8800D82948;
			productRefGroup = BEA4DBAB22E93E8800D82948 /* Products */;
			projectDirPath = "";
			projectRoot = "";
			targets = (
				BEA4DBA922E93E8800D82948 /* Todoey */,
			);
		};
/* End PBXProject section */

/* Begin PBXResourcesBuildPhase section */
		BEA4DBA822E93E8800D82948 /* Resources */ = {
			isa = PBXResourcesBuildPhase;
			buildActionMask = 2147483647;
			files = (
				BEA4DBB822E93E8900D82948 /* LaunchScreen.storyboard in Resources */,
				BEA4DBB522E93E8900D82948 /* Assets.xcassets in Resources */,
				BEA4DBB322E93E8800D82948 /* Main.storyboard in Resources */,
			);
			runOnlyForDeploymentPostprocessing = 0;
		};
/* End PBXResourcesBuildPhase section */

/* Begin PBXShellScriptBuildPhase section */
		CEA767E76C0B040DF458B72F /* [CP] Embed Pods Frameworks */ = {
			isa = PBXShellScriptBuildPhase;
			buildActionMask = 2147483647;
			files = (
			);
			inputFileListPaths = (
				"${PODS_ROOT}/Target Support Files/Pods-Todoey/Pods-Todoey-frameworks-${CONFIGURATION}-input-files.xcfilelist",
			);
			name = "[CP] Embed Pods Frameworks";
			outputFileListPaths = (
				"${PODS_ROOT}/Target Support Files/Pods-Todoey/Pods-Todoey-frameworks-${CONFIGURATION}-output-files.xcfilelist",
			);
			runOnlyForDeploymentPostprocessing = 0;
			shellPath = /bin/sh;
			shellScript = "\"${PODS_ROOT}/Target Support Files/Pods-Todoey/Pods-Todoey-frameworks.sh\"\n";
			showEnvVarsInLog = 0;
		};
		EEB2CB0806DFFB7661D528BC /* [CP] Check Pods Manifest.lock */ = {
			isa = PBXShellScriptBuildPhase;
			buildActionMask = 2147483647;
			files = (
			);
			inputFileListPaths = (
			);
			inputPaths = (
				"${PODS_PODFILE_DIR_PATH}/Podfile.lock",
				"${PODS_ROOT}/Manifest.lock",
			);
			name = "[CP] Check Pods Manifest.lock";
			outputFileListPaths = (
			);
			outputPaths = (
				"$(DERIVED_FILE_DIR)/Pods-Todoey-checkManifestLockResult.txt",
			);
			runOnlyForDeploymentPostprocessing = 0;
			shellPath = /bin/sh;
			shellScript = "diff \"${PODS_PODFILE_DIR_PATH}/Podfile.lock\" \"${PODS_ROOT}/Manifest.lock\" > /dev/null\nif [ $? != 0 ] ; then\n    # print error to STDERR\n    echo \"error: The sandbox is not in sync with the Podfile.lock. Run 'pod install' or update your CocoaPods installation.\" >&2\n    exit 1\nfi\n# This output is used by Xcode 'outputs' to avoid re-running this script phase.\necho \"SUCCESS\" > \"${SCRIPT_OUTPUT_FILE_0}\"\n";
			showEnvVarsInLog = 0;
		};
/* End PBXShellScriptBuildPhase section */

/* Begin PBXSourcesBuildPhase section */
		BEA4DBA622E93E8800D82948 /* Sources */ = {
			isa = PBXSourcesBuildPhase;
			buildActionMask = 2147483647;
			files = (
				BE6CB72722FE2AF800EF3BB3 /* Item.swift in Sources */,
				BEA589A422FD0EA70013B8DF /* CategoryViewController.swift in Sources */,
				BEA4DBB022E93E8800D82948 /* TodoListViewController.swift in Sources */,
				BEA4DBAE22E93E8800D82948 /* AppDelegate.swift in Sources */,
				BE6CB72922FE2B0C00EF3BB3 /* Category.swift in Sources */,
			);
			runOnlyForDeploymentPostprocessing = 0;
		};
/* End PBXSourcesBuildPhase section */

/* Begin PBXVariantGroup section */
		BEA4DBB122E93E8800D82948 /* Main.storyboard */ = {
			isa = PBXVariantGroup;
			children = (
				BEA4DBB222E93E8800D82948 /* Base */,
			);
			name = Main.storyboard;
			sourceTree = "<group>";
		};
		BEA4DBB622E93E8900D82948 /* LaunchScreen.storyboard */ = {
			isa = PBXVariantGroup;
			children = (
				BEA4DBB722E93E8900D82948 /* Base */,
			);
			name = LaunchScreen.storyboard;
			sourceTree = "<group>";
		};
/* End PBXVariantGroup section */

/* Begin XCBuildConfiguration section */
		BEA4DBBA22E93E8900D82948 /* Debug */ = {
			isa = XCBuildConfiguration;
			buildSettings = {
				ALWAYS_SEARCH_USER_PATHS = NO;
				CLANG_ANALYZER_NONNULL = YES;
				CLANG_ANALYZER_NUMBER_OBJECT_CONVERSION = YES_AGGRESSIVE;
				CLANG_CXX_LANGUAGE_STANDARD = "gnu++14";
				CLANG_CXX_LIBRARY = "libc++";
				CLANG_ENABLE_MODULES = YES;
				CLANG_ENABLE_OBJC_ARC = YES;
				CLANG_ENABLE_OBJC_WEAK = YES;
				CLANG_WARN_BLOCK_CAPTURE_AUTORELEASING = YES;
				CLANG_WARN_BOOL_CONVERSION = YES;
				CLANG_WARN_COMMA = YES;
				CLANG_WARN_CONSTANT_CONVERSION = YES;
				CLANG_WARN_DEPRECATED_OBJC_IMPLEMENTATIONS = YES;
				CLANG_WARN_DIRECT_OBJC_ISA_USAGE = YES_ERROR;
				CLANG_WARN_DOCUMENTATION_COMMENTS = YES;
				CLANG_WARN_EMPTY_BODY = YES;
				CLANG_WARN_ENUM_CONVERSION = YES;
				CLANG_WARN_INFINITE_RECURSION = YES;
				CLANG_WARN_INT_CONVERSION = YES;
				CLANG_WARN_NON_LITERAL_NULL_CONVERSION = YES;
				CLANG_WARN_OBJC_IMPLICIT_RETAIN_SELF = YES;
				CLANG_WARN_OBJC_LITERAL_CONVERSION = YES;
				CLANG_WARN_OBJC_ROOT_CLASS = YES_ERROR;
				CLANG_WARN_RANGE_LOOP_ANALYSIS = YES;
				CLANG_WARN_STRICT_PROTOTYPES = YES;
				CLANG_WARN_SUSPICIOUS_MOVE = YES;
				CLANG_WARN_UNGUARDED_AVAILABILITY = YES_AGGRESSIVE;
				CLANG_WARN_UNREACHABLE_CODE = YES;
				CLANG_WARN__DUPLICATE_METHOD_MATCH = YES;
				CODE_SIGN_IDENTITY = "iPhone Developer";
				COPY_PHASE_STRIP = NO;
				DEBUG_INFORMATION_FORMAT = dwarf;
				ENABLE_STRICT_OBJC_MSGSEND = YES;
				ENABLE_TESTABILITY = YES;
				GCC_C_LANGUAGE_STANDARD = gnu11;
				GCC_DYNAMIC_NO_PIC = NO;
				GCC_NO_COMMON_BLOCKS = YES;
				GCC_OPTIMIZATION_LEVEL = 0;
				GCC_PREPROCESSOR_DEFINITIONS = (
					"DEBUG=1",
					"$(inherited)",
				);
				GCC_WARN_64_TO_32_BIT_CONVERSION = YES;
				GCC_WARN_ABOUT_RETURN_TYPE = YES_ERROR;
				GCC_WARN_UNDECLARED_SELECTOR = YES;
				GCC_WARN_UNINITIALIZED_AUTOS = YES_AGGRESSIVE;
				GCC_WARN_UNUSED_FUNCTION = YES;
				GCC_WARN_UNUSED_VARIABLE = YES;
				IPHONEOS_DEPLOYMENT_TARGET = 12.1;
				MTL_ENABLE_DEBUG_INFO = INCLUDE_SOURCE;
				MTL_FAST_MATH = YES;
				ONLY_ACTIVE_ARCH = YES;
				SDKROOT = iphoneos;
				SWIFT_ACTIVE_COMPILATION_CONDITIONS = DEBUG;
				SWIFT_OPTIMIZATION_LEVEL = "-Onone";
			};
			name = Debug;
		};
		BEA4DBBB22E93E8900D82948 /* Release */ = {
			isa = XCBuildConfiguration;
			buildSettings = {
				ALWAYS_SEARCH_USER_PATHS = NO;
				CLANG_ANALYZER_NONNULL = YES;
				CLANG_ANALYZER_NUMBER_OBJECT_CONVERSION = YES_AGGRESSIVE;
				CLANG_CXX_LANGUAGE_STANDARD = "gnu++14";
				CLANG_CXX_LIBRARY = "libc++";
				CLANG_ENABLE_MODULES = YES;
				CLANG_ENABLE_OBJC_ARC = YES;
				CLANG_ENABLE_OBJC_WEAK = YES;
				CLANG_WARN_BLOCK_CAPTURE_AUTORELEASING = YES;
				CLANG_WARN_BOOL_CONVERSION = YES;
				CLANG_WARN_COMMA = YES;
				CLANG_WARN_CONSTANT_CONVERSION = YES;
				CLANG_WARN_DEPRECATED_OBJC_IMPLEMENTATIONS = YES;
				CLANG_WARN_DIRECT_OBJC_ISA_USAGE = YES_ERROR;
				CLANG_WARN_DOCUMENTATION_COMMENTS = YES;
				CLANG_WARN_EMPTY_BODY = YES;
				CLANG_WARN_ENUM_CONVERSION = YES;
				CLANG_WARN_INFINITE_RECURSION = YES;
				CLANG_WARN_INT_CONVERSION = YES;
				CLANG_WARN_NON_LITERAL_NULL_CONVERSION = YES;
				CLANG_WARN_OBJC_IMPLICIT_RETAIN_SELF = YES;
				CLANG_WARN_OBJC_LITERAL_CONVERSION = YES;
				CLANG_WARN_OBJC_ROOT_CLASS = YES_ERROR;
				CLANG_WARN_RANGE_LOOP_ANALYSIS = YES;
				CLANG_WARN_STRICT_PROTOTYPES = YES;
				CLANG_WARN_SUSPICIOUS_MOVE = YES;
				CLANG_WARN_UNGUARDED_AVAILABILITY = YES_AGGRESSIVE;
				CLANG_WARN_UNREACHABLE_CODE = YES;
				CLANG_WARN__DUPLICATE_METHOD_MATCH = YES;
				CODE_SIGN_IDENTITY = "iPhone Developer";
				COPY_PHASE_STRIP = NO;
				DEBUG_INFORMATION_FORMAT = "dwarf-with-dsym";
				ENABLE_NS_ASSERTIONS = NO;
				ENABLE_STRICT_OBJC_MSGSEND = YES;
				GCC_C_LANGUAGE_STANDARD = gnu11;
				GCC_NO_COMMON_BLOCKS = YES;
				GCC_WARN_64_TO_32_BIT_CONVERSION = YES;
				GCC_WARN_ABOUT_RETURN_TYPE = YES_ERROR;
				GCC_WARN_UNDECLARED_SELECTOR = YES;
				GCC_WARN_UNINITIALIZED_AUTOS = YES_AGGRESSIVE;
				GCC_WARN_UNUSED_FUNCTION = YES;
				GCC_WARN_UNUSED_VARIABLE = YES;
				IPHONEOS_DEPLOYMENT_TARGET = 12.1;
				MTL_ENABLE_DEBUG_INFO = NO;
				MTL_FAST_MATH = YES;
				SDKROOT = iphoneos;
				SWIFT_COMPILATION_MODE = wholemodule;
				SWIFT_OPTIMIZATION_LEVEL = "-O";
				VALIDATE_PRODUCT = YES;
			};
			name = Release;
		};
		BEA4DBBD22E93E8900D82948 /* Debug */ = {
			isa = XCBuildConfiguration;
			baseConfigurationReference = 5C2FE64F39FA415FBB3B620D /* Pods-Todoey.debug.xcconfig */;
			buildSettings = {
				ASSETCATALOG_COMPILER_APPICON_NAME = AppIcon;
				CODE_SIGN_STYLE = Automatic;
				DEVELOPMENT_TEAM = X5E3S84M8X;
				INFOPLIST_FILE = Todoey/Info.plist;
				LD_RUNPATH_SEARCH_PATHS = (
					"$(inherited)",
					"@executable_path/Frameworks",
				);
				PRODUCT_BUNDLE_IDENTIFIER = com.ken.Todoey;
				PRODUCT_NAME = "$(TARGET_NAME)";
				SWIFT_VERSION = 5.0;
				TARGETED_DEVICE_FAMILY = "1,2";
			};
			name = Debug;
		};
		BEA4DBBE22E93E8900D82948 /* Release */ = {
			isa = XCBuildConfiguration;
			baseConfigurationReference = F27E7FEA3E38280EB6A1EFE6 /* Pods-Todoey.release.xcconfig */;
			buildSettings = {
				ASSETCATALOG_COMPILER_APPICON_NAME = AppIcon;
				CODE_SIGN_STYLE = Automatic;
				DEVELOPMENT_TEAM = X5E3S84M8X;
				INFOPLIST_FILE = Todoey/Info.plist;
				LD_RUNPATH_SEARCH_PATHS = (
					"$(inherited)",
					"@executable_path/Frameworks",
				);
				PRODUCT_BUNDLE_IDENTIFIER = com.ken.Todoey;
				PRODUCT_NAME = "$(TARGET_NAME)";
				SWIFT_VERSION = 5.0;
				TARGETED_DEVICE_FAMILY = "1,2";
			};
			name = Release;
		};
/* End XCBuildConfiguration section */

/* Begin XCConfigurationList section */
		BEA4DBA522E93E8800D82948 /* Build configuration list for PBXProject "Todoey" */ = {
			isa = XCConfigurationList;
			buildConfigurations = (
				BEA4DBBA22E93E8900D82948 /* Debug */,
				BEA4DBBB22E93E8900D82948 /* Release */,
			);
			defaultConfigurationIsVisible = 0;
			defaultConfigurationName = Release;
		};
		BEA4DBBC22E93E8900D82948 /* Build configuration list for PBXNativeTarget "Todoey" */ = {
			isa = XCConfigurationList;
			buildConfigurations = (
				BEA4DBBD22E93E8900D82948 /* Debug */,
				BEA4DBBE22E93E8900D82948 /* Release */,
			);
			defaultConfigurationIsVisible = 0;
			defaultConfigurationName = Release;
		};
/* End XCConfigurationList section */
	};
	rootObject = BEA4DBA222E93E8800D82948 /* Project object */;
}
